<?xml version="1.0" encoding="utf-8"?>
<Project ToolsVersion="4.0" xmlns="http://schemas.microsoft.com/developer/msbuild/2003">
  <ItemGroup>
    <Filter Include="ソース ファイル">
      <UniqueIdentifier>{4FC737F1-C7A5-4376-A066-2A32D752A2FF}</UniqueIdentifier>
      <Extensions>cpp;c;cc;cxx;c++;def;odl;idl;hpj;bat;asm;asmx</Extensions>
    </Filter>
    <Filter Include="ヘッダー ファイル">
      <UniqueIdentifier>{93995380-89BD-4b04-88EB-625FBE52EBFB}</UniqueIdentifier>
      <Extensions>h;hh;hpp;hxx;h++;hm;inl;inc;ipp;xsd</Extensions>
    </Filter>
    <Filter Include="リソース ファイル">
      <UniqueIdentifier>{67DA6AB6-F800-4c08-8B7A-83BB121AAD01}</UniqueIdentifier>
      <Extensions>rc;ico;cur;bmp;dlg;rc2;rct;bin;rgs;gif;jpg;jpeg;jpe;resx;tiff;tif;png;wav;mfcribbon-ms</Extensions>
    </Filter>
  </ItemGroup>
  <ItemGroup>
    <ClCompile Include="..\src\lib\dwarf\elf_dwarf_abbrev.c">
      <Filter>ソース ファイル</Filter>
    </ClCompile>
    <ClCompile Include="..\src\lib\dwarf\elf_dwarf_info.c">
      <Filter>ソース ファイル</Filter>
    </ClCompile>
    <ClCompile Include="..\src\lib\dwarf\elf_dwarf_info_ops.c">
      <Filter>ソース ファイル</Filter>
    </ClCompile>
    <ClCompile Include="..\src\lib\dwarf\elf_dwarf_line.c">
      <Filter>ソース ファイル</Filter>
    </ClCompile>
    <ClCompile Include="..\src\lib\dwarf\elf_dwarf_loc.c">
      <Filter>ソース ファイル</Filter>
    </ClCompile>
    <ClCompile Include="..\src\lib\dwarf\elf_dwarf_util.c">
      <Filter>ソース ファイル</Filter>
    </ClCompile>
    <ClCompile Include="..\src\lib\dwarf\elf_section.c">
      <Filter>ソース ファイル</Filter>
    </ClCompile>
    <ClCompile Include="..\src\lib\dwarf\file_address_mapping.c">
      <Filter>ソース ファイル</Filter>
    </ClCompile>
    <ClCompile Include="..\src\lib\dwarf\data_type\elf_dwarf_array_type.c">
      <Filter>ソース ファイル</Filter>
    </ClCompile>
    <ClCompile Include="..\src\lib\dwarf\data_type\elf_dwarf_base_type.c">
      <Filter>ソース ファイル</Filter>
    </ClCompile>
    <ClCompile Include="..\src\lib\dwarf\data_type\elf_dwarf_data_type.c">
      <Filter>ソース ファイル</Filter>
    </ClCompile>
    <ClCompile Include="..\src\lib\dwarf\data_type\elf_dwarf_enum_type.c">
      <Filter>ソース ファイル</Filter>
    </ClCompile>
    <ClCompile Include="..\src\lib\dwarf\data_type\elf_dwarf_pointer_type.c">
      <Filter>ソース ファイル</Filter>
    </ClCompile>
    <ClCompile Include="..\src\lib\dwarf\data_type\elf_dwarf_struct_type.c">
      <Filter>ソース ファイル</Filter>
    </ClCompile>
    <ClCompile Include="..\src\lib\dwarf\data_type\elf_dwarf_subprogram_type.c">
      <Filter>ソース ファイル</Filter>
    </ClCompile>
    <ClCompile Include="..\src\lib\dwarf\data_type\elf_dwarf_typedef_type.c">
      <Filter>ソース ファイル</Filter>
    </ClCompile>
    <ClCompile Include="..\src\lib\dwarf\data_type\elf_dwarf_variable_type.c">
      <Filter>ソース ファイル</Filter>
    </ClCompile>
    <ClCompile Include="..\src\lib\symbol_ops.c">
      <Filter>ソース ファイル</Filter>
    </ClCompile>
  </ItemGroup>
  <ItemGroup>
    <ClInclude Include="..\src\lib\dwarf\elf_dwarf_abbrev.h">
      <Filter>ヘッダー ファイル</Filter>
    </ClInclude>
    <ClInclude Include="..\src\lib\dwarf\elf_dwarf_info.h">
      <Filter>ヘッダー ファイル</Filter>
    </ClInclude>
    <ClInclude Include="..\src\lib\dwarf\elf_dwarf_info_ops.h">
      <Filter>ヘッダー ファイル</Filter>
    </ClInclude>
    <ClInclude Include="..\src\lib\dwarf\elf_dwarf_line.h">
      <Filter>ヘッダー ファイル</Filter>
    </ClInclude>
    <ClInclude Include="..\src\lib\dwarf\elf_dwarf_loc.h">
      <Filter>ヘッダー ファイル</Filter>
    </ClInclude>
    <ClInclude Include="..\src\lib\dwarf\elf_dwarf_util.h">
      <Filter>ヘッダー ファイル</Filter>
    </ClInclude>
    <ClInclude Include="..\src\lib\dwarf\elf_section.h">
      <Filter>ヘッダー ファイル</Filter>
    </ClInclude>
    <ClInclude Include="..\src\lib\dwarf\file_address_mapping.h">
      <Filter>ヘッダー ファイル</Filter>
    </ClInclude>
    <ClInclude Include="..\src\lib\dwarf\data_type\elf_dwarf_array_type.h">
      <Filter>ヘッダー ファイル</Filter>
    </ClInclude>
    <ClInclude Include="..\src\lib\dwarf\data_type\elf_dwarf_base_type.h">
      <Filter>ヘッダー ファイル</Filter>
    </ClInclude>
    <ClInclude Include="..\src\lib\dwarf\data_type\elf_dwarf_data_type.h">
      <Filter>ヘッダー ファイル</Filter>
    </ClInclude>
    <ClInclude Include="..\src\lib\dwarf\data_type\elf_dwarf_enum_type.h">
      <Filter>ヘッダー ファイル</Filter>
    </ClInclude>
    <ClInclude Include="..\src\lib\dwarf\data_type\elf_dwarf_pointer_type.h">
      <Filter>ヘッダー ファイル</Filter>
    </ClInclude>
    <ClInclude Include="..\src\lib\dwarf\data_type\elf_dwarf_struct_type.h">
      <Filter>ヘッダー ファイル</Filter>
    </ClInclude>
    <ClInclude Include="..\src\lib\dwarf\data_type\elf_dwarf_subprogram_type.h">
      <Filter>ヘッダー ファイル</Filter>
    </ClInclude>
    <ClInclude Include="..\src\lib\dwarf\data_type\elf_dwarf_typedef_type.h">
      <Filter>ヘッダー ファイル</Filter>
    </ClInclude>
    <ClInclude Include="..\src\lib\dwarf\data_type\elf_dwarf_variable_type.h">
      <Filter>ヘッダー ファイル</Filter>
    </ClInclude>
    <ClInclude Include="..\src\lib\symbol_ops.h">
      <Filter>ヘッダー ファイル</Filter>
    </ClInclude>
  </ItemGroup>
</Project>