<?xml version="1.0" encoding="utf-8"?>
<Project ToolsVersion="4.0" xmlns="http://schemas.microsoft.com/developer/msbuild/2003">
  <ItemGroup>
    <Filter Include="ソース ファイル">
      <UniqueIdentifier>{4FC737F1-C7A5-4376-A066-2A32D752A2FF}</UniqueIdentifier>
      <Extensions>cpp;c;cc;cxx;c++;def;odl;idl;hpj;bat;asm;asmx</Extensions>
    </Filter>
    <Filter Include="ヘッダー ファイル">
      <UniqueIdentifier>{93995380-89BD-4b04-88EB-625FBE52EBFB}</UniqueIdentifier>
      <Extensions>h;hh;hpp;hxx;h++;hm;inl;inc;ipp;xsd</Extensions>
    </Filter>
    <Filter Include="リソース ファイル">
      <UniqueIdentifier>{67DA6AB6-F800-4c08-8B7A-83BB121AAD01}</UniqueIdentifier>
      <Extensions>rc;ico;cur;bmp;dlg;rc2;rct;bin;rgs;gif;jpg;jpeg;jpe;resx;tiff;tif;png;wav;mfcribbon-ms</Extensions>
    </Filter>
  </ItemGroup>
  <ItemGroup>
    <ClCompile Include="..\src\debugger\interaction\front\parser\dbg_parser.c">
      <Filter>ソース ファイル</Filter>
    </ClCompile>
    <ClCompile Include="..\src\debugger\interaction\front\parser\dbg_parser_config.c">
      <Filter>ソース ファイル</Filter>
    </ClCompile>
    <ClCompile Include="..\src\debugger\interaction\front\parser\concrete_parser\dbg_std_parser.c">
      <Filter>ソース ファイル</Filter>
    </ClCompile>
    <ClCompile Include="..\src\debugger\executor\concrete_executor\dbg_std_executor.c">
      <Filter>ソース ファイル</Filter>
    </ClCompile>
    <ClCompile Include="..\src\debugger\executor\concrete_executor\util\dbg_print_data_type.c">
      <Filter>ソース ファイル</Filter>
    </ClCompile>
    <ClCompile Include="..\src\lib\cui\cui_ops.c">
      <Filter>ソース ファイル</Filter>
    </ClCompile>
    <ClCompile Include="..\src\lib\cui\stdio\cui_ops_stdio.c">
      <Filter>ソース ファイル</Filter>
    </ClCompile>
    <ClCompile Include="..\src\lib\cui\udp\cui_ops_udp.c">
      <Filter>ソース ファイル</Filter>
    </ClCompile>
  </ItemGroup>
  <ItemGroup>
    <ClInclude Include="..\src\debugger\interaction\front\parser\dbg_parser.h">
      <Filter>ヘッダー ファイル</Filter>
    </ClInclude>
    <ClInclude Include="..\src\debugger\interaction\front\parser\dbg_parser_config.h">
      <Filter>ヘッダー ファイル</Filter>
    </ClInclude>
    <ClInclude Include="..\src\debugger\interaction\front\parser\concrete_parser\dbg_std_parser.h">
      <Filter>ヘッダー ファイル</Filter>
    </ClInclude>
    <ClInclude Include="..\src\debugger\executor\dbg_executor.h">
      <Filter>ヘッダー ファイル</Filter>
    </ClInclude>
    <ClInclude Include="..\src\debugger\executor\concrete_executor\dbg_std_executor.h">
      <Filter>ヘッダー ファイル</Filter>
    </ClInclude>
    <ClInclude Include="..\src\debugger\executor\concrete_executor\util\dbg_print_data_type.h">
      <Filter>ヘッダー ファイル</Filter>
    </ClInclude>
    <ClInclude Include="..\src\lib\cui\cui_ops.h">
      <Filter>ヘッダー ファイル</Filter>
    </ClInclude>
    <ClInclude Include="..\src\lib\cui\stdio\cui_ops_stdio.h">
      <Filter>ヘッダー ファイル</Filter>
    </ClInclude>
    <ClInclude Include="..\src\lib\cui\udp\cui_ops_udp.h">
      <Filter>ヘッダー ファイル</Filter>
    </ClInclude>
  </ItemGroup>
</Project>